
Microsoft Visual Studio Solution File, Format Version 12.00
# Visual Studio 15
VisualStudioVersion = 15.0.28307.1321
MinimumVisualStudioVersion = 10.0.40219.1
Project("{9A19103F-16F7-4668-BE54-9A1E7A4F7556}") = "DataAccessLayer", "DataAccessLayer\DataAccessLayer.csproj", "{88449679-2F76-4118-B7E5-264A3F9DB7AA}"
EndProject
Project("{9A19103F-16F7-4668-BE54-9A1E7A4F7556}") = "ConsoleUI", "ConsoleUI\ConsoleUI.csproj", "{20627518-510F-4B54-9A9B-1AFF80590BBB}"
EndProject
Project("{FAE04EC0-301F-11D3-BF4B-00C04F79EFBC}") = "WebAPI", "WebAPI\WebAPI.csproj", "{5DBB484A-BAF9-4E38-A696-27F881EE6475}"
EndProject
Global
	GlobalSection(SolutionConfigurationPlatforms) = preSolution
		Debug|Any CPU = Debug|Any CPU
		Release|Any CPU = Release|Any CPU
	EndGlobalSection
	GlobalSection(ProjectConfigurationPlatforms) = postSolution
		{88449679-2F76-4118-B7E5-264A3F9DB7AA}.Debug|Any CPU.ActiveCfg = Debug|Any CPU
		{88449679-2F76-4118-B7E5-264A3F9DB7AA}.Debug|Any CPU.Build.0 = Debug|Any CPU
		{88449679-2F76-4118-B7E5-264A3F9DB7AA}.Release|Any CPU.ActiveCfg = Release|Any CPU
		{88449679-2F76-4118-B7E5-264A3F9DB7AA}.Release|Any CPU.Build.0 = Release|Any CPU
		{20627518-510F-4B54-9A9B-1AFF80590BBB}.Debug|Any CPU.ActiveCfg = Debug|Any CPU
		{20627518-510F-4B54-9A9B-1AFF80590BBB}.Debug|Any CPU.Build.0 = Debug|Any CPU
		{20627518-510F-4B54-9A9B-1AFF80590BBB}.Release|Any CPU.ActiveCfg = Release|Any CPU
		{20627518-510F-4B54-9A9B-1AFF80590BBB}.Release|Any CPU.Build.0 = Release|Any CPU
		{5DBB484A-BAF9-4E38-A696-27F881EE6475}.Debug|Any CPU.ActiveCfg = Debug|Any CPU
		{5DBB484A-BAF9-4E38-A696-27F881EE6475}.Debug|Any CPU.Build.0 = Debug|Any CPU
		{5DBB484A-BAF9-4E38-A696-27F881EE6475}.Release|Any CPU.ActiveCfg = Release|Any CPU
		{5DBB484A-BAF9-4E38-A696-27F881EE6475}.Release|Any CPU.Build.0 = Release|Any CPU
	EndGlobalSection
	GlobalSection(SolutionProperties) = preSolution
		HideSolutionNode = FALSE
	EndGlobalSection
	GlobalSection(ExtensibilityGlobals) = postSolution
		SolutionGuid = {AD6E5E28-7BBA-4B2D-A1E5-2E33414FE1AB}
	EndGlobalSection
EndGlobal
